# This file is automatically @generated by Cargo.
# It is not intended for manual editing.
version = 4

[[package]]
name = "builtins"
version = "0.1.0"
dependencies = [
 "effect-contract",
 "engine",
 "lane",
 "math",
]

[[package]]
name = "bytemuck"
version = "1.25.2"
source = "registry+https://github.com/rust-lang/crates.io-index"
checksum = "95832e849adfb21180ccb6826a99da14e5d266ae5c2e668e1602cf234f153797"

[[package]]
name = "control-smoothing-measure"
version = "0.0.0"
dependencies = [
 "builtins",
]

[[package]]
name = "effect-contract"
version = "0.1.0"
dependencies = [
 "engine",
 "lane",
 "math",
]

[[package]]
name = "engine"
version = "0.1.0"

[[package]]
name = "lane"
version = "0.1.0"
dependencies = [
 "wide",
]

[[package]]
name = "math"
version = "0.1.0"

[[package]]
name = "safe_arch"
version = "1.2.0"
source = "registry+https://github.com/rust-lang/crates.io-index"
checksum = "42c6efa15875e6ecb39ca61fb0b0c1a40b84fac5a5ffe71eef7d1000c8eb3f5f"
dependencies = [
 "bytemuck",
]

[[package]]
name = "wide"
version = "1.6.1"
source = "registry+https://github.com/rust-lang/crates.io-index"
checksum = "de2aaf408e58689c2096682331b1f42bb2d9f2ed6b11560407d023cd0a6c634e"
dependencies = [
 "bytemuck",
 "safe_arch",
]
